
Microsoft Visual Studio Solution File, Format Version 12.00
# Visual Studio Version 17
VisualStudioVersion = 17.9.34607.119
MinimumVisualStudioVersion = 10.0.40219.1
Project("{FAE04EC0-301F-11D3-BF4B-00C04F79EFBC}") = "BOUSSADAQA_Oussama", "BOUSSADAQA_Oussama.csproj", "{170DF7E3-0789-4810-A510-45FE556AED6C}"
EndProject
Global
	GlobalSection(SolutionConfigurationPlatforms) = preSolution
		Debug|Any CPU = Debug|Any CPU
		Release|Any CPU = Release|Any CPU
	EndGlobalSection
	GlobalSection(ProjectConfigurationPlatforms) = postSolution
		{170DF7E3-0789-4810-A510-45FE556AED6C}.Debug|Any CPU.ActiveCfg = Debug|Any CPU
		{170DF7E3-0789-4810-A510-45FE556AED6C}.Debug|Any CPU.Build.0 = Debug|Any CPU
		{170DF7E3-0789-4810-A510-45FE556AED6C}.Release|Any CPU.ActiveCfg = Release|Any CPU
		{170DF7E3-0789-4810-A510-45FE556AED6C}.Release|Any CPU.Build.0 = Release|Any CPU
	EndGlobalSection
	GlobalSection(SolutionProperties) = preSolution
		HideSolutionNode = FALSE
	EndGlobalSection
	GlobalSection(ExtensibilityGlobals) = postSolution
		SolutionGuid = {B1A92FB6-3A7F-4EFD-BC93-174BE39B8ED3}
	EndGlobalSection
EndGlobal
